{
  "name": "@jsconfjp/website",
  "version": "0.0.1",
  "lockfileVersion": 3,
  "requires": true,
  "packages": {
    "": {
      "name": "@jsconfjp/website",
      "version": "0.0.1",
      "license": "MIT",
      "devDependencies": {
        "lefthook": "^1.13.1",
        "prettier": "^3.6.2"
      }
    },
    "node_modules/lefthook": {
      "version": "1.13.1",
      "resolved": "https://registry.npmjs.org/lefthook/-/lefthook-1.13.1.tgz",
      "integrity": "sha512-zPtBnDI86o2Xoe61tr+0r8ebLVek/aEKF77gA+V5C7zi4Of1CY6FFHx0Gzazzj9JfTCq9SWtUv1halWSWMPAQQ==",
      "dev": true,
      "hasInstallScript": true,
      "license": "MIT",
      "bin": {
        "lefthook": "bin/index.js"
      },
      "optionalDependencies": {
        "lefthook-darwin-arm64": "1.13.1",
        "lefthook-darwin-x64": "1.13.1",
        "lefthook-freebsd-arm64": "1.13.1",
        "lefthook-freebsd-x64": "1.13.1",
        "lefthook-linux-arm64": "1.13.1",
        "lefthook-linux-x64": "1.13.1",
        "lefthook-openbsd-arm64": "1.13.1",
        "lefthook-openbsd-x64": "1.13.1",
        "lefthook-windows-arm64": "1.13.1",
        "lefthook-windows-x64": "1.13.1"
      }
    },
    "node_modules/lefthook-darwin-arm64": {
      "version": "1.13.1",
      "resolved": "https://registry.npmjs.org/lefthook-darwin-arm64/-/lefthook-darwin-arm64-1.13.1.tgz",
      "integrity": "sha512-bMD34zeaKTtA5DAAIs910bUN5agCsZbzIwPnqA5Zvbm9igvbCkRerc5bAOCYcMUzleXA54g5hdDnDNwSwAo+JQ==",
      "cpu": [
        "arm64"
      ],
      "dev": true,
      "license": "MIT",
      "optional": true,
      "os": [
        "darwin"
      ]
    },
    "node_modules/lefthook-darwin-x64": {
      "version": "1.13.1",
      "resolved": "https://registry.npmjs.org/lefthook-darwin-x64/-/lefthook-darwin-x64-1.13.1.tgz",
      "integrity": "sha512-eOv25Scxxu/dgWg/o0QkIMcYHmBrL6ffozeHRDHUC2N0n0eAvp9FpexoJ+Mm7+VQVPCnQumjIvyUNLRqlEAcyg==",
      "cpu": [
        "x64"
      ],
      "dev": true,
      "license": "MIT",
      "optional": true,
      "os": [
        "darwin"
      ]
    },
    "node_modules/lefthook-freebsd-arm64": {
      "version": "1.13.1",
      "resolved": "https://registry.npmjs.org/lefthook-freebsd-arm64/-/lefthook-freebsd-arm64-1.13.1.tgz",
      "integrity": "sha512-Hzw2E+zX1/GseCrJS1b1i9oj6JhM2+MFOysCUmMYl8x0yDphxepJXr3wH8bNXENtuVN0Om1IWdZC+6p6+ZY8zw==",
      "cpu": [
        "arm64"
      ],
      "dev": true,
      "license": "MIT",
      "optional": true,
      "os": [
        "freebsd"
      ]
    },
    "node_modules/lefthook-freebsd-x64": {
      "version": "1.13.1",
      "resolved": "https://registry.npmjs.org/lefthook-freebsd-x64/-/lefthook-freebsd-x64-1.13.1.tgz",
      "integrity": "sha512-H1T4A6auTBEQY0uWh5E7LDTPa5I9ALfubNHVsiE3XzwRjwu3PazCY9zPCTbdI8ww9JOV6T9A7Mow2GewoHWBUQ==",
      "cpu": [
        "x64"
      ],
      "dev": true,
      "license": "MIT",
      "optional": true,
      "os": [
        "freebsd"
      ]
    },
    "node_modules/lefthook-linux-arm64": {
      "version": "1.13.1",
      "resolved": "https://registry.npmjs.org/lefthook-linux-arm64/-/lefthook-linux-arm64-1.13.1.tgz",
      "integrity": "sha512-3vNxmRma1ykaG+rpxjKytvxSj6Kl9f/W19Qjdi+BFVu2LueMY5AGPs1oXpDjled7Y7c3WL4XLtQ+xPFHl8z9Sw==",
      "cpu": [
        "arm64"
      ],
      "dev": true,
      "license": "MIT",
      "optional": true,
      "os": [
        "linux"
      ]
    },
    "node_modules/lefthook-linux-x64": {
      "version": "1.13.1",
      "resolved": "https://registry.npmjs.org/lefthook-linux-x64/-/lefthook-linux-x64-1.13.1.tgz",
      "integrity": "sha512-vitul4TY/4RCiH90XDcWZT/XItfHeCuzlt/Ex3dF2ZToEgXzQti8qWG1i9QhSaunu0X/7KIWLlHV9q5uymNBsQ==",
      "cpu": [
        "x64"
      ],
      "dev": true,
      "license": "MIT",
      "optional": true,
      "os": [
        "linux"
      ]
    },
    "node_modules/lefthook-openbsd-arm64": {
      "version": "1.13.1",
      "resolved": "https://registry.npmjs.org/lefthook-openbsd-arm64/-/lefthook-openbsd-arm64-1.13.1.tgz",
      "integrity": "sha512-3TDbaxWiqDuA6a+IuAOh64CiTsyVsnTgQDF8u+STH81RYs70a1g2XHKRGxPMhJMLigy7TEk5z3FUkiKw4pofWQ==",
      "cpu": [
        "arm64"
      ],
      "dev": true,
      "license": "MIT",
      "optional": true,
      "os": [
        "openbsd"
      ]
    },
    "node_modules/lefthook-openbsd-x64": {
      "version": "1.13.1",
      "resolved": "https://registry.npmjs.org/lefthook-openbsd-x64/-/lefthook-openbsd-x64-1.13.1.tgz",
      "integrity": "sha512-0mP/wtzdPliwRHQNPSCYbIc+6KCWLNWp/HHRCpurwrWJ6z4mab3ctemghhTkHj+0ZDSO0kM66Awygq86JnOwIA==",
      "cpu": [
        "x64"
      ],
      "dev": true,
      "license": "MIT",
      "optional": true,
      "os": [
        "openbsd"
      ]
    },
    "node_modules/lefthook-windows-arm64": {
      "version": "1.13.1",
      "resolved": "https://registry.npmjs.org/lefthook-windows-arm64/-/lefthook-windows-arm64-1.13.1.tgz",
      "integrity": "sha512-6wrUZOC1SGsp9riO3dILPzoMkjOSpYIyojbU+jUdlMwCfSMGR5jrFlzRTEyrEoawFhGk3+KnFPYbOdlp8LWPkw==",
      "cpu": [
        "arm64"
      ],
      "dev": true,
      "license": "MIT",
      "optional": true,
      "os": [
        "win32"
      ]
    },
    "node_modules/lefthook-windows-x64": {
      "version": "1.13.1",
      "resolved": "https://registry.npmjs.org/lefthook-windows-x64/-/lefthook-windows-x64-1.13.1.tgz",
      "integrity": "sha512-K/abjvUqtazOjXtrqKz+O+J+D/lZqvrjuWO9gLCbDKbzV13IwqvE+eIJ7TXCAwqp3/MN2r2pwpL83t17fxshBA==",
      "cpu": [
        "x64"
      ],
      "dev": true,
      "license": "MIT",
      "optional": true,
      "os": [
        "win32"
      ]
    },
    "node_modules/prettier": {
      "version": "3.6.2",
      "resolved": "https://registry.npmjs.org/prettier/-/prettier-3.6.2.tgz",
      "integrity": "sha512-I7AIg5boAr5R0FFtJ6rCfD+LFsWHp81dolrFD8S79U9tb8Az2nGrJncnMSnys+bpQJfRUzqs9hnA81OAA3hCuQ==",
      "dev": true,
      "license": "MIT",
      "bin": {
        "prettier": "bin/prettier.cjs"
      },
      "engines": {
        "node": ">=14"
      },
      "funding": {
        "url": "https://github.com/prettier/prettier?sponsor=1"
      }
    }
  }
}
